{
  "name": "task3.2",
  "version": "1.0.0",
  "lockfileVersion": 3,
  "requires": true,
  "packages": {
    "": {
      "name": "task3.2",
      "version": "1.0.0",
      "license": "ISC",
      "dependencies": {
        "@squid90/task3.1": "^1.0.0"
      }
    },
    "node_modules/@squid90/task3.1": {
      "version": "1.0.0",
      "resolved": "https://npm.pkg.github.com/download/@squid90/task3.1/1.0.0/91af09ae4f47e7846489c917fac6b70cfb0ef93c",
      "integrity": "sha512-8SSPta/8Fg/y0Wv/m25IN5DZb5U6JbQy3kPSa9ajraKhz8BJlxii64VjRJ80/Ekh54R/jqufm8YtnJmwe7Ycxg==",
      "license": "ISC"
    }
  }
}
